
Microsoft Visual Studio Solution File, Format Version 12.00
# Visual Studio Version 16
VisualStudioVersion = 16.0.31424.327
MinimumVisualStudioVersion = 10.0.40219.1
Project("{FAE04EC0-301F-11D3-BF4B-00C04F79EFBC}") = "WindowsFormsApp1", "WindowsFormsApp1\WindowsFormsApp1.csproj", "{F9A0745A-8B37-4DDC-BAF8-6AFD607677A4}"
EndProject
Global
	GlobalSection(SolutionConfigurationPlatforms) = preSolution
		Debug|Any CPU = Debug|Any CPU
		Release|Any CPU = Release|Any CPU
	EndGlobalSection
	GlobalSection(ProjectConfigurationPlatforms) = postSolution
		{F9A0745A-8B37-4DDC-BAF8-6AFD607677A4}.Debug|Any CPU.ActiveCfg = Debug|Any CPU
		{F9A0745A-8B37-4DDC-BAF8-6AFD607677A4}.Debug|Any CPU.Build.0 = Debug|Any CPU
		{F9A0745A-8B37-4DDC-BAF8-6AFD607677A4}.Release|Any CPU.ActiveCfg = Release|Any CPU
		{F9A0745A-8B37-4DDC-BAF8-6AFD607677A4}.Release|Any CPU.Build.0 = Release|Any CPU
	EndGlobalSection
	GlobalSection(SolutionProperties) = preSolution
		HideSolutionNode = FALSE
	EndGlobalSection
	GlobalSection(ExtensibilityGlobals) = postSolution
		SolutionGuid = {974AD6C8-EA6F-43FF-ACE2-F35F25D23926}
	EndGlobalSection
EndGlobal
